// !$*UTF8*$!
{
	archiveVersion = 1;
	classes = {
	};
	objectVersion = 46;
	objects = {

/* Begin PBXBuildFile section */
		256783AE217875F400A037BB /* AppLocker.h in Headers */ = {isa = PBXBuildFile; fileRef = 256783AC217875F400A037BB /* AppLocker.h */; settings = {ATTRIBUTES = (Public, ); }; };
		256783B1217875F400A037BB /* AppLocker.framework in Frameworks */ = {isa = PBXBuildFile; fileRef = 256783AA217875F400A037BB /* AppLocker.framework */; };
		256783B2217875F400A037BB /* AppLocker.framework in Embed Frameworks */ = {isa = PBXBuildFile; fileRef = 256783AA217875F400A037BB /* AppLocker.framework */; settings = {ATTRIBUTES = (CodeSignOnCopy, RemoveHeadersOnCopy, ); }; };
		256783B72178761300A037BB /* AppLocker.swift in Sources */ = {isa = PBXBuildFile; fileRef = 4005D13120ADC12C00514F4D /* AppLocker.swift */; };
		256783B82178761300A037BB /* AppLocker.xib in Resources */ = {isa = PBXBuildFile; fileRef = 4005D13220ADC12C00514F4D /* AppLocker.xib */; };
		256783B92178761300A037BB /* UI.swift in Sources */ = {isa = PBXBuildFile; fileRef = 4005D13320ADC12C00514F4D /* UI.swift */; };
		7C1F83411EA6276A0017CDD5 /* AppDelegate.swift in Sources */ = {isa = PBXBuildFile; fileRef = 7C1F83401EA6276A0017CDD5 /* AppDelegate.swift */; };
		7C1F83461EA6276A0017CDD5 /* Main.storyboard in Resources */ = {isa = PBXBuildFile; fileRef = 7C1F83441EA6276A0017CDD5 /* Main.storyboard */; };
		7C1F83481EA6276A0017CDD5 /* Assets.xcassets in Resources */ = {isa = PBXBuildFile; fileRef = 7C1F83471EA6276A0017CDD5 /* Assets.xcassets */; };
		7C1F834B1EA6276A0017CDD5 /* LaunchScreen.storyboard in Resources */ = {isa = PBXBuildFile; fileRef = 7C1F83491EA6276A0017CDD5 /* LaunchScreen.storyboard */; };
		7C3DA4F01ED2B9B500751DFB /* ModeViewController.swift in Sources */ = {isa = PBXBuildFile; fileRef = 7C3DA4E91ED2B9B500751DFB /* ModeViewController.swift */; };
/* End PBXBuildFile section */

/* Begin PBXContainerItemProxy section */
		256783AF217875F400A037BB /* PBXContainerItemProxy */ = {
			isa = PBXContainerItemProxy;
			containerPortal = 7C1F83351EA6276A0017CDD5 /* Project object */;
			proxyType = 1;
			remoteGlobalIDString = 256783A9217875F400A037BB;
			remoteInfo = AppLocker;
		};
/* End PBXContainerItemProxy section */

/* Begin PBXCopyFilesBuildPhase section */
		256783B6217875F400A037BB /* Embed Frameworks */ = {
			isa = PBXCopyFilesBuildPhase;
			buildActionMask = 2147483647;
			dstPath = "";
			dstSubfolderSpec = 10;
			files = (
				256783B2217875F400A037BB /* AppLocker.framework in Embed Frameworks */,
			);
			name = "Embed Frameworks";
			runOnlyForDeploymentPostprocessing = 0;
		};
/* End PBXCopyFilesBuildPhase section */

/* Begin PBXFileReference section */
		256783AA217875F400A037BB /* AppLocker.framework */ = {isa = PBXFileReference; explicitFileType = wrapper.framework; includeInIndex = 0; path = AppLocker.framework; sourceTree = BUILT_PRODUCTS_DIR; };
		256783AC217875F400A037BB /* AppLocker.h */ = {isa = PBXFileReference; lastKnownFileType = sourcecode.c.h; path = AppLocker.h; sourceTree = "<group>"; };
		256783AD217875F400A037BB /* Info.plist */ = {isa = PBXFileReference; lastKnownFileType = text.plist.xml; path = Info.plist; sourceTree = "<group>"; };
		4005D13120ADC12C00514F4D /* AppLocker.swift */ = {isa = PBXFileReference; fileEncoding = 4; indentWidth = 2; lastKnownFileType = sourcecode.swift; path = AppLocker.swift; sourceTree = "<group>"; tabWidth = 2; };
		4005D13220ADC12C00514F4D /* AppLocker.xib */ = {isa = PBXFileReference; fileEncoding = 4; lastKnownFileType = file.xib; path = AppLocker.xib; sourceTree = "<group>"; };
		4005D13320ADC12C00514F4D /* UI.swift */ = {isa = PBXFileReference; fileEncoding = 4; lastKnownFileType = sourcecode.swift; path = UI.swift; sourceTree = "<group>"; };
		7C1F833D1EA6276A0017CDD5 /* PasscodeLock.app */ = {isa = PBXFileReference; explicitFileType = wrapper.application; includeInIndex = 0; path = PasscodeLock.app; sourceTree = BUILT_PRODUCTS_DIR; };
		7C1F83401EA6276A0017CDD5 /* AppDelegate.swift */ = {isa = PBXFileReference; lastKnownFileType = sourcecode.swift; path = AppDelegate.swift; sourceTree = "<group>"; };
		7C1F83451EA6276A0017CDD5 /* Base */ = {isa = PBXFileReference; lastKnownFileType = file.storyboard; name = Base; path = Base.lproj/Main.storyboard; sourceTree = "<group>"; };
		7C1F83471EA6276A0017CDD5 /* Assets.xcassets */ = {isa = PBXFileReference; lastKnownFileType = folder.assetcatalog; path = Assets.xcassets; sourceTree = "<group>"; };
		7C1F834A1EA6276A0017CDD5 /* Base */ = {isa = PBXFileReference; lastKnownFileType = file.storyboard; name = Base; path = Base.lproj/LaunchScreen.storyboard; sourceTree = "<group>"; };
		7C1F834C1EA6276A0017CDD5 /* Info.plist */ = {isa = PBXFileReference; lastKnownFileType = text.plist.xml; path = Info.plist; sourceTree = "<group>"; };
		7C3DA4E91ED2B9B500751DFB /* ModeViewController.swift */ = {isa = PBXFileReference; fileEncoding = 4; lastKnownFileType = sourcecode.swift; name = ModeViewController.swift; path = PasscodeLock/ModeViewController.swift; sourceTree = SOURCE_ROOT; };
/* End PBXFileReference section */

/* Begin PBXFrameworksBuildPhase section */
		256783A7217875F400A037BB /* Frameworks */ = {
			isa = PBXFrameworksBuildPhase;
			buildActionMask = 2147483647;
			files = (
			);
			runOnlyForDeploymentPostprocessing = 0;
		};
		7C1F833A1EA6276A0017CDD5 /* Frameworks */ = {
			isa = PBXFrameworksBuildPhase;
			buildActionMask = 2147483647;
			files = (
				256783B1217875F400A037BB /* AppLocker.framework in Frameworks */,
			);
			runOnlyForDeploymentPostprocessing = 0;
		};
/* End PBXFrameworksBuildPhase section */

/* Begin PBXGroup section */
		256783AB217875F400A037BB /* AppLocker */ = {
			isa = PBXGroup;
			children = (
				256783AC217875F400A037BB /* AppLocker.h */,
				256783AD217875F400A037BB /* Info.plist */,
			);
			path = AppLocker;
			sourceTree = "<group>";
		};
		4005D12F20ADC12C00514F4D /* Source */ = {
			isa = PBXGroup;
			children = (
				4005D13020ADC12C00514F4D /* AppLocker */,
				4005D13320ADC12C00514F4D /* UI.swift */,
			);
			name = Source;
			path = ../../Source;
			sourceTree = "<group>";
		};
		4005D13020ADC12C00514F4D /* AppLocker */ = {
			isa = PBXGroup;
			children = (
				4005D13120ADC12C00514F4D /* AppLocker.swift */,
				4005D13220ADC12C00514F4D /* AppLocker.xib */,
			);
			path = AppLocker;
			sourceTree = "<group>";
		};
		7C1F83341EA6276A0017CDD5 = {
			isa = PBXGroup;
			children = (
				7C1F833F1EA6276A0017CDD5 /* PasscodeLock */,
				256783AB217875F400A037BB /* AppLocker */,
				7C1F833E1EA6276A0017CDD5 /* Products */,
			);
			sourceTree = "<group>";
		};
		7C1F833E1EA6276A0017CDD5 /* Products */ = {
			isa = PBXGroup;
			children = (
				7C1F833D1EA6276A0017CDD5 /* PasscodeLock.app */,
				256783AA217875F400A037BB /* AppLocker.framework */,
			);
			name = Products;
			sourceTree = "<group>";
		};
		7C1F833F1EA6276A0017CDD5 /* PasscodeLock */ = {
			isa = PBXGroup;
			children = (
				4005D12F20ADC12C00514F4D /* Source */,
				7C3DA4E91ED2B9B500751DFB /* ModeViewController.swift */,
				7C1F83401EA6276A0017CDD5 /* AppDelegate.swift */,
				7C1F83441EA6276A0017CDD5 /* Main.storyboard */,
				7C1F83471EA6276A0017CDD5 /* Assets.xcassets */,
				7C1F83491EA6276A0017CDD5 /* LaunchScreen.storyboard */,
				7C1F834C1EA6276A0017CDD5 /* Info.plist */,
			);
			path = PasscodeLock;
			sourceTree = "<group>";
		};
/* End PBXGroup section */

/* Begin PBXHeadersBuildPhase section */
		256783A5217875F400A037BB /* Headers */ = {
			isa = PBXHeadersBuildPhase;
			buildActionMask = 2147483647;
			files = (
				256783AE217875F400A037BB /* AppLocker.h in Headers */,
			);
			runOnlyForDeploymentPostprocessing = 0;
		};
/* End PBXHeadersBuildPhase section */

/* Begin PBXNativeTarget section */
		256783A9217875F400A037BB /* AppLocker */ = {
			isa = PBXNativeTarget;
			buildConfigurationList = 256783B5217875F400A037BB /* Build configuration list for PBXNativeTarget "AppLocker" */;
			buildPhases = (
				256783A5217875F400A037BB /* Headers */,
				256783A6217875F400A037BB /* Sources */,
				256783A7217875F400A037BB /* Frameworks */,
				256783A8217875F400A037BB /* Resources */,
			);
			buildRules = (
			);
			dependencies = (
			);
			name = AppLocker;
			productName = AppLocker;
			productReference = 256783AA217875F400A037BB /* AppLocker.framework */;
			productType = "com.apple.product-type.framework";
		};
		7C1F833C1EA6276A0017CDD5 /* PasscodeLock */ = {
			isa = PBXNativeTarget;
			buildConfigurationList = 7C1F834F1EA6276A0017CDD5 /* Build configuration list for PBXNativeTarget "PasscodeLock" */;
			buildPhases = (
				7C1F83391EA6276A0017CDD5 /* Sources */,
				7C1F833A1EA6276A0017CDD5 /* Frameworks */,
				7C1F833B1EA6276A0017CDD5 /* Resources */,
				256783B6217875F400A037BB /* Embed Frameworks */,
			);
			buildRules = (
			);
			dependencies = (
				256783B0217875F400A037BB /* PBXTargetDependency */,
			);
			name = PasscodeLock;
			productName = PasscodeLock;
			productReference = 7C1F833D1EA6276A0017CDD5 /* PasscodeLock.app */;
			productType = "com.apple.product-type.application";
		};
/* End PBXNativeTarget section */

/* Begin PBXProject section */
		7C1F83351EA6276A0017CDD5 /* Project object */ = {
			isa = PBXProject;
			attributes = {
				LastSwiftUpdateCheck = 0830;
				LastUpgradeCheck = 1000;
				ORGANIZATIONNAME = "Oleg Ryasnoy";
				TargetAttributes = {
					256783A9217875F400A037BB = {
						CreatedOnToolsVersion = 10.0;
						DevelopmentTeam = 32Y52676KN;
						ProvisioningStyle = Automatic;
					};
					7C1F833C1EA6276A0017CDD5 = {
						CreatedOnToolsVersion = 8.3;
						DevelopmentTeam = 32Y52676KN;
						LastSwiftMigration = 0910;
						ProvisioningStyle = Automatic;
					};
				};
			};
			buildConfigurationList = 7C1F83381EA6276A0017CDD5 /* Build configuration list for PBXProject "PasscodeLock" */;
			compatibilityVersion = "Xcode 3.2";
			developmentRegion = English;
			hasScannedForEncodings = 0;
			knownRegions = (
				en,
				Base,
			);
			mainGroup = 7C1F83341EA6276A0017CDD5;
			productRefGroup = 7C1F833E1EA6276A0017CDD5 /* Products */;
			projectDirPath = "";
			projectRoot = "";
			targets = (
				7C1F833C1EA6276A0017CDD5 /* PasscodeLock */,
				256783A9217875F400A037BB /* AppLocker */,
			);
		};
/* End PBXProject section */

/* Begin PBXResourcesBuildPhase section */
		256783A8217875F400A037BB /* Resources */ = {
			isa = PBXResourcesBuildPhase;
			buildActionMask = 2147483647;
			files = (
				256783B82178761300A037BB /* AppLocker.xib in Resources */,
			);
			runOnlyForDeploymentPostprocessing = 0;
		};
		7C1F833B1EA6276A0017CDD5 /* Resources */ = {
			isa = PBXResourcesBuildPhase;
			buildActionMask = 2147483647;
			files = (
				7C1F834B1EA6276A0017CDD5 /* LaunchScreen.storyboard in Resources */,
				7C1F83481EA6276A0017CDD5 /* Assets.xcassets in Resources */,
				7C1F83461EA6276A0017CDD5 /* Main.storyboard in Resources */,
			);
			runOnlyForDeploymentPostprocessing = 0;
		};
/* End PBXResourcesBuildPhase section */

/* Begin PBXSourcesBuildPhase section */
		256783A6217875F400A037BB /* Sources */ = {
			isa = PBXSourcesBuildPhase;
			buildActionMask = 2147483647;
			files = (
				256783B72178761300A037BB /* AppLocker.swift in Sources */,
				256783B92178761300A037BB /* UI.swift in Sources */,
			);
			runOnlyForDeploymentPostprocessing = 0;
		};
		7C1F83391EA6276A0017CDD5 /* Sources */ = {
			isa = PBXSourcesBuildPhase;
			buildActionMask = 2147483647;
			files = (
				7C1F83411EA6276A0017CDD5 /* AppDelegate.swift in Sources */,
				7C3DA4F01ED2B9B500751DFB /* ModeViewController.swift in Sources */,
			);
			runOnlyForDeploymentPostprocessing = 0;
		};
/* End PBXSourcesBuildPhase section */

/* Begin PBXTargetDependency section */
		256783B0217875F400A037BB /* PBXTargetDependency */ = {
			isa = PBXTargetDependency;
			target = 256783A9217875F400A037BB /* AppLocker */;
			targetProxy = 256783AF217875F400A037BB /* PBXContainerItemProxy */;
		};
/* End PBXTargetDependency section */

/* Begin PBXVariantGroup section */
		7C1F83441EA6276A0017CDD5 /* Main.storyboard */ = {
			isa = PBXVariantGroup;
			children = (
				7C1F83451EA6276A0017CDD5 /* Base */,
			);
			name = Main.storyboard;
			sourceTree = "<group>";
		};
		7C1F83491EA6276A0017CDD5 /* LaunchScreen.storyboard */ = {
			isa = PBXVariantGroup;
			children = (
				7C1F834A1EA6276A0017CDD5 /* Base */,
			);
			name = LaunchScreen.storyboard;
			sourceTree = "<group>";
		};
/* End PBXVariantGroup section */

/* Begin XCBuildConfiguration section */
		256783B3217875F400A037BB /* Debug */ = {
			isa = XCBuildConfiguration;
			buildSettings = {
				CLANG_CXX_LANGUAGE_STANDARD = "gnu++14";
				CLANG_ENABLE_OBJC_WEAK = YES;
				CLANG_WARN_UNGUARDED_AVAILABILITY = YES_AGGRESSIVE;
				CODE_SIGN_IDENTITY = "iPhone Developer";
				CODE_SIGN_STYLE = Automatic;
				CURRENT_PROJECT_VERSION = 1;
				DEFINES_MODULE = YES;
				DEVELOPMENT_TEAM = 32Y52676KN;
				DYLIB_COMPATIBILITY_VERSION = 1;
				DYLIB_CURRENT_VERSION = 1;
				DYLIB_INSTALL_NAME_BASE = "@rpath";
				GCC_C_LANGUAGE_STANDARD = gnu11;
				INFOPLIST_FILE = AppLocker/Info.plist;
				INSTALL_PATH = "$(LOCAL_LIBRARY_DIR)/Frameworks";
				IPHONEOS_DEPLOYMENT_TARGET = 8.0;
				LD_RUNPATH_SEARCH_PATHS = "$(inherited) @executable_path/Frameworks @loader_path/Frameworks";
				MTL_ENABLE_DEBUG_INFO = INCLUDE_SOURCE;
				MTL_FAST_MATH = YES;
				PRODUCT_BUNDLE_IDENTIFIER = me.venj.AppLocker;
				PRODUCT_NAME = "$(TARGET_NAME:c99extidentifier)";
				SKIP_INSTALL = YES;
				SWIFT_VERSION = 4.2;
				TARGETED_DEVICE_FAMILY = "1,2";
				VERSIONING_SYSTEM = "apple-generic";
				VERSION_INFO_PREFIX = "";
			};
			name = Debug;
		};
		256783B4217875F400A037BB /* Release */ = {
			isa = XCBuildConfiguration;
			buildSettings = {
				CLANG_CXX_LANGUAGE_STANDARD = "gnu++14";
				CLANG_ENABLE_OBJC_WEAK = YES;
				CLANG_WARN_UNGUARDED_AVAILABILITY = YES_AGGRESSIVE;
				CODE_SIGN_IDENTITY = "iPhone Developer";
				CODE_SIGN_STYLE = Automatic;
				CURRENT_PROJECT_VERSION = 1;
				DEFINES_MODULE = YES;
				DEVELOPMENT_TEAM = 32Y52676KN;
				DYLIB_COMPATIBILITY_VERSION = 1;
				DYLIB_CURRENT_VERSION = 1;
				DYLIB_INSTALL_NAME_BASE = "@rpath";
				GCC_C_LANGUAGE_STANDARD = gnu11;
				INFOPLIST_FILE = AppLocker/Info.plist;
				INSTALL_PATH = "$(LOCAL_LIBRARY_DIR)/Frameworks";
				IPHONEOS_DEPLOYMENT_TARGET = 8.0;
				LD_RUNPATH_SEARCH_PATHS = "$(inherited) @executable_path/Frameworks @loader_path/Frameworks";
				MTL_FAST_MATH = YES;
				PRODUCT_BUNDLE_IDENTIFIER = me.venj.AppLocker;
				PRODUCT_NAME = "$(TARGET_NAME:c99extidentifier)";
				SKIP_INSTALL = YES;
				SWIFT_VERSION = 4.2;
				TARGETED_DEVICE_FAMILY = "1,2";
				VERSIONING_SYSTEM = "apple-generic";
				VERSION_INFO_PREFIX = "";
			};
			name = Release;
		};
		7C1F834D1EA6276A0017CDD5 /* Debug */ = {
			isa = XCBuildConfiguration;
			buildSettings = {
				ALWAYS_SEARCH_USER_PATHS = NO;
				CLANG_ANALYZER_NONNULL = YES;
				CLANG_ANALYZER_NUMBER_OBJECT_CONVERSION = YES_AGGRESSIVE;
				CLANG_CXX_LANGUAGE_STANDARD = "gnu++0x";
				CLANG_CXX_LIBRARY = "libc++";
				CLANG_ENABLE_MODULES = YES;
				CLANG_ENABLE_OBJC_ARC = YES;
				CLANG_WARN_BLOCK_CAPTURE_AUTORELEASING = YES;
				CLANG_WARN_BOOL_CONVERSION = YES;
				CLANG_WARN_COMMA = YES;
				CLANG_WARN_CONSTANT_CONVERSION = YES;
				CLANG_WARN_DEPRECATED_OBJC_IMPLEMENTATIONS = YES;
				CLANG_WARN_DIRECT_OBJC_ISA_USAGE = YES_ERROR;
				CLANG_WARN_DOCUMENTATION_COMMENTS = YES;
				CLANG_WARN_EMPTY_BODY = YES;
				CLANG_WARN_ENUM_CONVERSION = YES;
				CLANG_WARN_INFINITE_RECURSION = YES;
				CLANG_WARN_INT_CONVERSION = YES;
				CLANG_WARN_NON_LITERAL_NULL_CONVERSION = YES;
				CLANG_WARN_OBJC_IMPLICIT_RETAIN_SELF = YES;
				CLANG_WARN_OBJC_LITERAL_CONVERSION = YES;
				CLANG_WARN_OBJC_ROOT_CLASS = YES_ERROR;
				CLANG_WARN_RANGE_LOOP_ANALYSIS = YES;
				CLANG_WARN_STRICT_PROTOTYPES = YES;
				CLANG_WARN_SUSPICIOUS_MOVE = YES;
				CLANG_WARN_UNREACHABLE_CODE = YES;
				CLANG_WARN__DUPLICATE_METHOD_MATCH = YES;
				"CODE_SIGN_IDENTITY[sdk=iphoneos*]" = "iPhone Developer";
				COPY_PHASE_STRIP = NO;
				DEBUG_INFORMATION_FORMAT = dwarf;
				ENABLE_STRICT_OBJC_MSGSEND = YES;
				ENABLE_TESTABILITY = YES;
				GCC_C_LANGUAGE_STANDARD = gnu99;
				GCC_DYNAMIC_NO_PIC = NO;
				GCC_NO_COMMON_BLOCKS = YES;
				GCC_OPTIMIZATION_LEVEL = 0;
				GCC_PREPROCESSOR_DEFINITIONS = (
					"DEBUG=1",
					"$(inherited)",
				);
				GCC_WARN_64_TO_32_BIT_CONVERSION = YES;
				GCC_WARN_ABOUT_RETURN_TYPE = YES_ERROR;
				GCC_WARN_UNDECLARED_SELECTOR = YES;
				GCC_WARN_UNINITIALIZED_AUTOS = YES_AGGRESSIVE;
				GCC_WARN_UNUSED_FUNCTION = YES;
				GCC_WARN_UNUSED_VARIABLE = YES;
				IPHONEOS_DEPLOYMENT_TARGET = 8.0;
				MTL_ENABLE_DEBUG_INFO = YES;
				ONLY_ACTIVE_ARCH = YES;
				SDKROOT = iphoneos;
				SWIFT_ACTIVE_COMPILATION_CONDITIONS = DEBUG;
				SWIFT_OPTIMIZATION_LEVEL = "-Onone";
				SWIFT_VERSION = 4.2;
				TARGETED_DEVICE_FAMILY = "1,2";
			};
			name = Debug;
		};
		7C1F834E1EA6276A0017CDD5 /* Release */ = {
			isa = XCBuildConfiguration;
			buildSettings = {
				ALWAYS_SEARCH_USER_PATHS = NO;
				CLANG_ANALYZER_NONNULL = YES;
				CLANG_ANALYZER_NUMBER_OBJECT_CONVERSION = YES_AGGRESSIVE;
				CLANG_CXX_LANGUAGE_STANDARD = "gnu++0x";
				CLANG_CXX_LIBRARY = "libc++";
				CLANG_ENABLE_MODULES = YES;
				CLANG_ENABLE_OBJC_ARC = YES;
				CLANG_WARN_BLOCK_CAPTURE_AUTORELEASING = YES;
				CLANG_WARN_BOOL_CONVERSION = YES;
				CLANG_WARN_COMMA = YES;
				CLANG_WARN_CONSTANT_CONVERSION = YES;
				CLANG_WARN_DEPRECATED_OBJC_IMPLEMENTATIONS = YES;
				CLANG_WARN_DIRECT_OBJC_ISA_USAGE = YES_ERROR;
				CLANG_WARN_DOCUMENTATION_COMMENTS = YES;
				CLANG_WARN_EMPTY_BODY = YES;
				CLANG_WARN_ENUM_CONVERSION = YES;
				CLANG_WARN_INFINITE_RECURSION = YES;
				CLANG_WARN_INT_CONVERSION = YES;
				CLANG_WARN_NON_LITERAL_NULL_CONVERSION = YES;
				CLANG_WARN_OBJC_IMPLICIT_RETAIN_SELF = YES;
				CLANG_WARN_OBJC_LITERAL_CONVERSION = YES;
				CLANG_WARN_OBJC_ROOT_CLASS = YES_ERROR;
				CLANG_WARN_RANGE_LOOP_ANALYSIS = YES;
				CLANG_WARN_STRICT_PROTOTYPES = YES;
				CLANG_WARN_SUSPICIOUS_MOVE = YES;
				CLANG_WARN_UNREACHABLE_CODE = YES;
				CLANG_WARN__DUPLICATE_METHOD_MATCH = YES;
				"CODE_SIGN_IDENTITY[sdk=iphoneos*]" = "iPhone Developer";
				COPY_PHASE_STRIP = NO;
				DEBUG_INFORMATION_FORMAT = "dwarf-with-dsym";
				ENABLE_NS_ASSERTIONS = NO;
				ENABLE_STRICT_OBJC_MSGSEND = YES;
				GCC_C_LANGUAGE_STANDARD = gnu99;
				GCC_NO_COMMON_BLOCKS = YES;
				GCC_WARN_64_TO_32_BIT_CONVERSION = YES;
				GCC_WARN_ABOUT_RETURN_TYPE = YES_ERROR;
				GCC_WARN_UNDECLARED_SELECTOR = YES;
				GCC_WARN_UNINITIALIZED_AUTOS = YES_AGGRESSIVE;
				GCC_WARN_UNUSED_FUNCTION = YES;
				GCC_WARN_UNUSED_VARIABLE = YES;
				IPHONEOS_DEPLOYMENT_TARGET = 8.0;
				MTL_ENABLE_DEBUG_INFO = NO;
				SDKROOT = iphoneos;
				SWIFT_OPTIMIZATION_LEVEL = "-Owholemodule";
				SWIFT_VERSION = 4.2;
				TARGETED_DEVICE_FAMILY = "1,2";
				VALIDATE_PRODUCT = YES;
			};
			name = Release;
		};
		7C1F83501EA6276A0017CDD5 /* Debug */ = {
			isa = XCBuildConfiguration;
			buildSettings = {
				ALWAYS_EMBED_SWIFT_STANDARD_LIBRARIES = YES;
				ASSETCATALOG_COMPILER_APPICON_NAME = AppIcon;
				CODE_SIGN_IDENTITY = "iPhone Developer";
				DEVELOPMENT_TEAM = 32Y52676KN;
				INFOPLIST_FILE = PasscodeLock/Info.plist;
				IPHONEOS_DEPLOYMENT_TARGET = 10.0;
				LD_RUNPATH_SEARCH_PATHS = "$(inherited) @executable_path/Frameworks";
				PRODUCT_BUNDLE_IDENTIFIER = com.ryasnoy.PasscodeLock;
				PRODUCT_NAME = "$(TARGET_NAME)";
				TARGETED_DEVICE_FAMILY = "1,2";
			};
			name = Debug;
		};
		7C1F83511EA6276A0017CDD5 /* Release */ = {
			isa = XCBuildConfiguration;
			buildSettings = {
				ALWAYS_EMBED_SWIFT_STANDARD_LIBRARIES = YES;
				ASSETCATALOG_COMPILER_APPICON_NAME = AppIcon;
				CODE_SIGN_IDENTITY = "iPhone Developer";
				DEVELOPMENT_TEAM = 32Y52676KN;
				INFOPLIST_FILE = PasscodeLock/Info.plist;
				IPHONEOS_DEPLOYMENT_TARGET = 10.0;
				LD_RUNPATH_SEARCH_PATHS = "$(inherited) @executable_path/Frameworks";
				PRODUCT_BUNDLE_IDENTIFIER = com.ryasnoy.PasscodeLock;
				PRODUCT_NAME = "$(TARGET_NAME)";
				TARGETED_DEVICE_FAMILY = "1,2";
			};
			name = Release;
		};
/* End XCBuildConfiguration section */

/* Begin XCConfigurationList section */
		256783B5217875F400A037BB /* Build configuration list for PBXNativeTarget "AppLocker" */ = {
			isa = XCConfigurationList;
			buildConfigurations = (
				256783B3217875F400A037BB /* Debug */,
				256783B4217875F400A037BB /* Release */,
			);
			defaultConfigurationIsVisible = 0;
			defaultConfigurationName = Release;
		};
		7C1F83381EA6276A0017CDD5 /* Build configuration list for PBXProject "PasscodeLock" */ = {
			isa = XCConfigurationList;
			buildConfigurations = (
				7C1F834D1EA6276A0017CDD5 /* Debug */,
				7C1F834E1EA6276A0017CDD5 /* Release */,
			);
			defaultConfigurationIsVisible = 0;
			defaultConfigurationName = Release;
		};
		7C1F834F1EA6276A0017CDD5 /* Build configuration list for PBXNativeTarget "PasscodeLock" */ = {
			isa = XCConfigurationList;
			buildConfigurations = (
				7C1F83501EA6276A0017CDD5 /* Debug */,
				7C1F83511EA6276A0017CDD5 /* Release */,
			);
			defaultConfigurationIsVisible = 0;
			defaultConfigurationName = Release;
		};
/* End XCConfigurationList section */
	};
	rootObject = 7C1F83351EA6276A0017CDD5 /* Project object */;
}
